{
  "name": "Untitled",
  "version": "1.0.0",
  "lockfileVersion": 3,
  "requires": true,
  "author": "",
  "description": "Form and quiz maker",
  "keywords": [],
  "license": "ISC",
  "main": "index.js",
  "packages": {
    "": {
      "dependencies": {
        "@google/generative-ai": "^0.24.1"
      }
    },
    "node_modules/@google/generative-ai": {
      "version": "0.24.1",
      "integrity": "sha512-MqO+MLfM6kjxcKoy0p1wRzG3b4ZZXtPI+z2IE26UogS2Cm/XHO+7gGRBh6gcJsOiIVoH93UwKvW4HdgiOZCy9Q==",
      "engines": {
        "node": ">=18.0.0"
      }
    }
  },
  "scripts": {
    "build": "react-scripts build",
    "eject": "react-scripts eject",
    "start": "react-scripts start",
    "test": "react-scripts test"
  }
}
